
Microsoft Visual Studio Solution File, Format Version 12.00
# Visual Studio Version 16
VisualStudioVersion = 16.0.30503.244
MinimumVisualStudioVersion = 10.0.40219.1
Project("{FAE04EC0-301F-11D3-BF4B-00C04F79EFBC}") = "WpfApp3.3", "WpfApp3.3\WpfApp3.3.csproj", "{C37325B9-5C8D-43B2-B18A-98648481D31C}"
EndProject
Global
	GlobalSection(SolutionConfigurationPlatforms) = preSolution
		Debug|Any CPU = Debug|Any CPU
		Release|Any CPU = Release|Any CPU
	EndGlobalSection
	GlobalSection(ProjectConfigurationPlatforms) = postSolution
		{C37325B9-5C8D-43B2-B18A-98648481D31C}.Debug|Any CPU.ActiveCfg = Debug|Any CPU
		{C37325B9-5C8D-43B2-B18A-98648481D31C}.Debug|Any CPU.Build.0 = Debug|Any CPU
		{C37325B9-5C8D-43B2-B18A-98648481D31C}.Release|Any CPU.ActiveCfg = Release|Any CPU
		{C37325B9-5C8D-43B2-B18A-98648481D31C}.Release|Any CPU.Build.0 = Release|Any CPU
	EndGlobalSection
	GlobalSection(SolutionProperties) = preSolution
		HideSolutionNode = FALSE
	EndGlobalSection
	GlobalSection(ExtensibilityGlobals) = postSolution
		SolutionGuid = {C6F46B94-62B5-4CAF-AF96-EA3D94471071}
	EndGlobalSection
EndGlobal
